
Microsoft Visual Studio Solution File, Format Version 12.00
# Visual Studio Version 17
VisualStudioVersion = 17.14.36623.8 d17.14
MinimumVisualStudioVersion = 10.0.40219.1
Project("{FAE04EC0-301F-11D3-BF4B-00C04F79EFBC}") = "Programming Community API", "Programming Community API\Programming Community API.csproj", "{6E6E0996-CC83-4CD0-BFAA-95F85B3448E1}"
EndProject
Global
	GlobalSection(SolutionConfigurationPlatforms) = preSolution
		Debug|Any CPU = Debug|Any CPU
		Release|Any CPU = Release|Any CPU
	EndGlobalSection
	GlobalSection(ProjectConfigurationPlatforms) = postSolution
		{6E6E0996-CC83-4CD0-BFAA-95F85B3448E1}.Debug|Any CPU.ActiveCfg = Debug|Any CPU
		{6E6E0996-CC83-4CD0-BFAA-95F85B3448E1}.Debug|Any CPU.Build.0 = Debug|Any CPU
		{6E6E0996-CC83-4CD0-BFAA-95F85B3448E1}.Release|Any CPU.ActiveCfg = Release|Any CPU
		{6E6E0996-CC83-4CD0-BFAA-95F85B3448E1}.Release|Any CPU.Build.0 = Release|Any CPU
	EndGlobalSection
	GlobalSection(SolutionProperties) = preSolution
		HideSolutionNode = FALSE
	EndGlobalSection
	GlobalSection(ExtensibilityGlobals) = postSolution
		SolutionGuid = {748F139A-A0DC-48FD-8160-6DEF18107230}
	EndGlobalSection
EndGlobal
